
Microsoft Visual Studio Solution File, Format Version 12.00
# Visual Studio Version 16
VisualStudioVersion = 16.0.29123.88
MinimumVisualStudioVersion = 10.0.40219.1
Project("{FAE04EC0-301F-11D3-BF4B-00C04F79EFBC}") = "LemonadeStand", "LemonadeStand\LemonadeStand.csproj", "{E60DE4A1-591B-4CC7-9A58-C1F9D22C03CD}"
EndProject
Project("{FAE04EC0-301F-11D3-BF4B-00C04F79EFBC}") = "UnitTestProject1", "UnitTestProject1\UnitTestProject1.csproj", "{402F37DA-3778-45CF-A2AA-3171A6A7EE44}"
EndProject
Global
	GlobalSection(SolutionConfigurationPlatforms) = preSolution
		Debug|Any CPU = Debug|Any CPU
		Release|Any CPU = Release|Any CPU
	EndGlobalSection
	GlobalSection(ProjectConfigurationPlatforms) = postSolution
		{E60DE4A1-591B-4CC7-9A58-C1F9D22C03CD}.Debug|Any CPU.ActiveCfg = Debug|Any CPU
		{E60DE4A1-591B-4CC7-9A58-C1F9D22C03CD}.Debug|Any CPU.Build.0 = Debug|Any CPU
		{E60DE4A1-591B-4CC7-9A58-C1F9D22C03CD}.Release|Any CPU.ActiveCfg = Release|Any CPU
		{E60DE4A1-591B-4CC7-9A58-C1F9D22C03CD}.Release|Any CPU.Build.0 = Release|Any CPU
		{402F37DA-3778-45CF-A2AA-3171A6A7EE44}.Debug|Any CPU.ActiveCfg = Debug|Any CPU
		{402F37DA-3778-45CF-A2AA-3171A6A7EE44}.Debug|Any CPU.Build.0 = Debug|Any CPU
		{402F37DA-3778-45CF-A2AA-3171A6A7EE44}.Release|Any CPU.ActiveCfg = Release|Any CPU
		{402F37DA-3778-45CF-A2AA-3171A6A7EE44}.Release|Any CPU.Build.0 = Release|Any CPU
	EndGlobalSection
	GlobalSection(SolutionProperties) = preSolution
		HideSolutionNode = FALSE
	EndGlobalSection
	GlobalSection(ExtensibilityGlobals) = postSolution
		SolutionGuid = {749247AA-DEF9-4783-827F-E6A9FC7D6C40}
	EndGlobalSection
EndGlobal
